
Microsoft Visual Studio Solution File, Format Version 12.00
# Visual Studio 14
VisualStudioVersion = 14.0.23107.0
MinimumVisualStudioVersion = 10.0.40219.1
Project("{FAE04EC0-301F-11D3-BF4B-00C04F79EFBC}") = "DeclareVariables", "DeclareVariables\DeclareVariables.csproj", "{040C1BDF-02E7-4809-861B-FAB1555FB6C2}"
EndProject
Project("{FAE04EC0-301F-11D3-BF4B-00C04F79EFBC}") = "FloatOrDouble", "FloatOrDouble\FloatOrDouble.csproj", "{86983CD5-F756-4CB7-B9FD-9222988BE364}"
EndProject
Project("{FAE04EC0-301F-11D3-BF4B-00C04F79EFBC}") = "VariableInHexadecimalFormat", "VariableInHexadecimalFormat\VariableInHexadecimalFormat.csproj", "{EB4AC310-2ACE-4356-9A71-68729B408DB5}"
EndProject
Project("{FAE04EC0-301F-11D3-BF4B-00C04F79EFBC}") = "UnicodeCharacter", "UnicodeCharacter\UnicodeCharacter.csproj", "{298EE050-B932-4F25-B4AE-4ACB02E476F3}"
EndProject
Project("{FAE04EC0-301F-11D3-BF4B-00C04F79EFBC}") = "BooleanVariable", "BooleanVariable\BooleanVariable.csproj", "{F7C9DF41-135E-4604-8318-D1E2A8ACEBD6}"
EndProject
Project("{FAE04EC0-301F-11D3-BF4B-00C04F79EFBC}") = "StringsAndObjects", "StringsAndObjects\StringsAndObjects.csproj", "{4FCB92C9-21A0-4889-9ECC-E1EA565B11F0}"
EndProject
Project("{FAE04EC0-301F-11D3-BF4B-00C04F79EFBC}") = "QuotesInString", "QuotesInString\QuotesInString.csproj", "{CA9FEEC6-10A3-42A2-A2D0-F9DB775683C6}"
EndProject
Project("{FAE04EC0-301F-11D3-BF4B-00C04F79EFBC}") = "IsoscelesTriangle", "IsoscelesTriangle\IsoscelesTriangle.csproj", "{258368A0-103C-4C17-B13B-3DF3C2F1C210}"
EndProject
Project("{FAE04EC0-301F-11D3-BF4B-00C04F79EFBC}") = "ExchangeVariableValues", "ExchangeVariableValues\ExchangeVariableValues.csproj", "{B8BF9129-AC9E-41C9-9B50-23FD0E271EB9}"
EndProject
Project("{FAE04EC0-301F-11D3-BF4B-00C04F79EFBC}") = "EmployeeData", "EmployeeData\EmployeeData.csproj", "{E3A868AA-EFE7-4CDD-A39A-70A66D36AF71}"
EndProject
Project("{FAE04EC0-301F-11D3-BF4B-00C04F79EFBC}") = "BankAccountData", "BankAccountData\BankAccountData.csproj", "{1760FF94-DF7C-4FF4-9396-F0103063B9E1}"
EndProject
Project("{FAE04EC0-301F-11D3-BF4B-00C04F79EFBC}") = "ComparingFloats", "ComparingFloats\ComparingFloats.csproj", "{CFDE6133-DCBF-4F70-9CDC-3FE21C92E1CD}"
EndProject
Project("{FAE04EC0-301F-11D3-BF4B-00C04F79EFBC}") = "NullValuesArithmetic", "NullValuesArithmetic\NullValuesArithmetic.csproj", "{CC5A18C7-8FCC-42CC-BEB7-F047D842E483}"
EndProject
Project("{FAE04EC0-301F-11D3-BF4B-00C04F79EFBC}") = "PrintTheASCIITable", "PrintTheASCIITable\PrintTheASCIITable.csproj", "{F4EB1EDC-C447-4F5C-92B6-97FA53A1F8D9}"
EndProject
Global
	GlobalSection(SolutionConfigurationPlatforms) = preSolution
		Debug|Any CPU = Debug|Any CPU
		Release|Any CPU = Release|Any CPU
	EndGlobalSection
	GlobalSection(ProjectConfigurationPlatforms) = postSolution
		{040C1BDF-02E7-4809-861B-FAB1555FB6C2}.Debug|Any CPU.ActiveCfg = Debug|Any CPU
		{040C1BDF-02E7-4809-861B-FAB1555FB6C2}.Debug|Any CPU.Build.0 = Debug|Any CPU
		{040C1BDF-02E7-4809-861B-FAB1555FB6C2}.Release|Any CPU.ActiveCfg = Release|Any CPU
		{040C1BDF-02E7-4809-861B-FAB1555FB6C2}.Release|Any CPU.Build.0 = Release|Any CPU
		{86983CD5-F756-4CB7-B9FD-9222988BE364}.Debug|Any CPU.ActiveCfg = Debug|Any CPU
		{86983CD5-F756-4CB7-B9FD-9222988BE364}.Debug|Any CPU.Build.0 = Debug|Any CPU
		{86983CD5-F756-4CB7-B9FD-9222988BE364}.Release|Any CPU.ActiveCfg = Release|Any CPU
		{86983CD5-F756-4CB7-B9FD-9222988BE364}.Release|Any CPU.Build.0 = Release|Any CPU
		{EB4AC310-2ACE-4356-9A71-68729B408DB5}.Debug|Any CPU.ActiveCfg = Debug|Any CPU
		{EB4AC310-2ACE-4356-9A71-68729B408DB5}.Debug|Any CPU.Build.0 = Debug|Any CPU
		{EB4AC310-2ACE-4356-9A71-68729B408DB5}.Release|Any CPU.ActiveCfg = Release|Any CPU
		{EB4AC310-2ACE-4356-9A71-68729B408DB5}.Release|Any CPU.Build.0 = Release|Any CPU
		{298EE050-B932-4F25-B4AE-4ACB02E476F3}.Debug|Any CPU.ActiveCfg = Debug|Any CPU
		{298EE050-B932-4F25-B4AE-4ACB02E476F3}.Debug|Any CPU.Build.0 = Debug|Any CPU
		{298EE050-B932-4F25-B4AE-4ACB02E476F3}.Release|Any CPU.ActiveCfg = Release|Any CPU
		{298EE050-B932-4F25-B4AE-4ACB02E476F3}.Release|Any CPU.Build.0 = Release|Any CPU
		{F7C9DF41-135E-4604-8318-D1E2A8ACEBD6}.Debug|Any CPU.ActiveCfg = Debug|Any CPU
		{F7C9DF41-135E-4604-8318-D1E2A8ACEBD6}.Debug|Any CPU.Build.0 = Debug|Any CPU
		{F7C9DF41-135E-4604-8318-D1E2A8ACEBD6}.Release|Any CPU.ActiveCfg = Release|Any CPU
		{F7C9DF41-135E-4604-8318-D1E2A8ACEBD6}.Release|Any CPU.Build.0 = Release|Any CPU
		{4FCB92C9-21A0-4889-9ECC-E1EA565B11F0}.Debug|Any CPU.ActiveCfg = Debug|Any CPU
		{4FCB92C9-21A0-4889-9ECC-E1EA565B11F0}.Debug|Any CPU.Build.0 = Debug|Any CPU
		{4FCB92C9-21A0-4889-9ECC-E1EA565B11F0}.Release|Any CPU.ActiveCfg = Release|Any CPU
		{4FCB92C9-21A0-4889-9ECC-E1EA565B11F0}.Release|Any CPU.Build.0 = Release|Any CPU
		{CA9FEEC6-10A3-42A2-A2D0-F9DB775683C6}.Debug|Any CPU.ActiveCfg = Debug|Any CPU
		{CA9FEEC6-10A3-42A2-A2D0-F9DB775683C6}.Debug|Any CPU.Build.0 = Debug|Any CPU
		{CA9FEEC6-10A3-42A2-A2D0-F9DB775683C6}.Release|Any CPU.ActiveCfg = Release|Any CPU
		{CA9FEEC6-10A3-42A2-A2D0-F9DB775683C6}.Release|Any CPU.Build.0 = Release|Any CPU
		{258368A0-103C-4C17-B13B-3DF3C2F1C210}.Debug|Any CPU.ActiveCfg = Debug|Any CPU
		{258368A0-103C-4C17-B13B-3DF3C2F1C210}.Debug|Any CPU.Build.0 = Debug|Any CPU
		{258368A0-103C-4C17-B13B-3DF3C2F1C210}.Release|Any CPU.ActiveCfg = Release|Any CPU
		{258368A0-103C-4C17-B13B-3DF3C2F1C210}.Release|Any CPU.Build.0 = Release|Any CPU
		{B8BF9129-AC9E-41C9-9B50-23FD0E271EB9}.Debug|Any CPU.ActiveCfg = Debug|Any CPU
		{B8BF9129-AC9E-41C9-9B50-23FD0E271EB9}.Debug|Any CPU.Build.0 = Debug|Any CPU
		{B8BF9129-AC9E-41C9-9B50-23FD0E271EB9}.Release|Any CPU.ActiveCfg = Release|Any CPU
		{B8BF9129-AC9E-41C9-9B50-23FD0E271EB9}.Release|Any CPU.Build.0 = Release|Any CPU
		{E3A868AA-EFE7-4CDD-A39A-70A66D36AF71}.Debug|Any CPU.ActiveCfg = Debug|Any CPU
		{E3A868AA-EFE7-4CDD-A39A-70A66D36AF71}.Debug|Any CPU.Build.0 = Debug|Any CPU
		{E3A868AA-EFE7-4CDD-A39A-70A66D36AF71}.Release|Any CPU.ActiveCfg = Release|Any CPU
		{E3A868AA-EFE7-4CDD-A39A-70A66D36AF71}.Release|Any CPU.Build.0 = Release|Any CPU
		{1760FF94-DF7C-4FF4-9396-F0103063B9E1}.Debug|Any CPU.ActiveCfg = Debug|Any CPU
		{1760FF94-DF7C-4FF4-9396-F0103063B9E1}.Debug|Any CPU.Build.0 = Debug|Any CPU
		{1760FF94-DF7C-4FF4-9396-F0103063B9E1}.Release|Any CPU.ActiveCfg = Release|Any CPU
		{1760FF94-DF7C-4FF4-9396-F0103063B9E1}.Release|Any CPU.Build.0 = Release|Any CPU
		{CFDE6133-DCBF-4F70-9CDC-3FE21C92E1CD}.Debug|Any CPU.ActiveCfg = Debug|Any CPU
		{CFDE6133-DCBF-4F70-9CDC-3FE21C92E1CD}.Debug|Any CPU.Build.0 = Debug|Any CPU
		{CFDE6133-DCBF-4F70-9CDC-3FE21C92E1CD}.Release|Any CPU.ActiveCfg = Release|Any CPU
		{CFDE6133-DCBF-4F70-9CDC-3FE21C92E1CD}.Release|Any CPU.Build.0 = Release|Any CPU
		{CC5A18C7-8FCC-42CC-BEB7-F047D842E483}.Debug|Any CPU.ActiveCfg = Debug|Any CPU
		{CC5A18C7-8FCC-42CC-BEB7-F047D842E483}.Debug|Any CPU.Build.0 = Debug|Any CPU
		{CC5A18C7-8FCC-42CC-BEB7-F047D842E483}.Release|Any CPU.ActiveCfg = Release|Any CPU
		{CC5A18C7-8FCC-42CC-BEB7-F047D842E483}.Release|Any CPU.Build.0 = Release|Any CPU
		{F4EB1EDC-C447-4F5C-92B6-97FA53A1F8D9}.Debug|Any CPU.ActiveCfg = Debug|Any CPU
		{F4EB1EDC-C447-4F5C-92B6-97FA53A1F8D9}.Debug|Any CPU.Build.0 = Debug|Any CPU
		{F4EB1EDC-C447-4F5C-92B6-97FA53A1F8D9}.Release|Any CPU.ActiveCfg = Release|Any CPU
		{F4EB1EDC-C447-4F5C-92B6-97FA53A1F8D9}.Release|Any CPU.Build.0 = Release|Any CPU
	EndGlobalSection
	GlobalSection(SolutionProperties) = preSolution
		HideSolutionNode = FALSE
	EndGlobalSection
EndGlobal
