
Microsoft Visual Studio Solution File, Format Version 12.00
# Visual Studio 15
VisualStudioVersion = 15.0.27004.2002
MinimumVisualStudioVersion = 10.0.40219.1
Project("{FAE04EC0-301F-11D3-BF4B-00C04F79EFBC}") = "AllocateArray", "AllocateArray\AllocateArray.csproj", "{C70CEDCE-AF8E-4F67-9E45-6D0EDF329D2D}"
EndProject
Project("{FAE04EC0-301F-11D3-BF4B-00C04F79EFBC}") = "CompareArrays", "CompareArrays\CompareArrays.csproj", "{5C710BC0-92D6-4DFB-9563-AF1FE1CB897F}"
EndProject
Project("{FAE04EC0-301F-11D3-BF4B-00C04F79EFBC}") = "CompareCharArrays", "CompareCharArrays\CompareCharArrays.csproj", "{446B5452-FD39-4BD3-BB81-5DB10B46F996}"
EndProject
Project("{FAE04EC0-301F-11D3-BF4B-00C04F79EFBC}") = "MaximalSequence", "MaximalSequence\MaximalSequence.csproj", "{B78388DC-07F4-4A8B-A0EE-A8DF2E29D648}"
EndProject
Global
	GlobalSection(SolutionConfigurationPlatforms) = preSolution
		Debug|Any CPU = Debug|Any CPU
		Release|Any CPU = Release|Any CPU
	EndGlobalSection
	GlobalSection(ProjectConfigurationPlatforms) = postSolution
		{C70CEDCE-AF8E-4F67-9E45-6D0EDF329D2D}.Debug|Any CPU.ActiveCfg = Debug|Any CPU
		{C70CEDCE-AF8E-4F67-9E45-6D0EDF329D2D}.Debug|Any CPU.Build.0 = Debug|Any CPU
		{C70CEDCE-AF8E-4F67-9E45-6D0EDF329D2D}.Release|Any CPU.ActiveCfg = Release|Any CPU
		{C70CEDCE-AF8E-4F67-9E45-6D0EDF329D2D}.Release|Any CPU.Build.0 = Release|Any CPU
		{5C710BC0-92D6-4DFB-9563-AF1FE1CB897F}.Debug|Any CPU.ActiveCfg = Debug|Any CPU
		{5C710BC0-92D6-4DFB-9563-AF1FE1CB897F}.Debug|Any CPU.Build.0 = Debug|Any CPU
		{5C710BC0-92D6-4DFB-9563-AF1FE1CB897F}.Release|Any CPU.ActiveCfg = Release|Any CPU
		{5C710BC0-92D6-4DFB-9563-AF1FE1CB897F}.Release|Any CPU.Build.0 = Release|Any CPU
		{446B5452-FD39-4BD3-BB81-5DB10B46F996}.Debug|Any CPU.ActiveCfg = Debug|Any CPU
		{446B5452-FD39-4BD3-BB81-5DB10B46F996}.Debug|Any CPU.Build.0 = Debug|Any CPU
		{446B5452-FD39-4BD3-BB81-5DB10B46F996}.Release|Any CPU.ActiveCfg = Release|Any CPU
		{446B5452-FD39-4BD3-BB81-5DB10B46F996}.Release|Any CPU.Build.0 = Release|Any CPU
		{B78388DC-07F4-4A8B-A0EE-A8DF2E29D648}.Debug|Any CPU.ActiveCfg = Debug|Any CPU
		{B78388DC-07F4-4A8B-A0EE-A8DF2E29D648}.Debug|Any CPU.Build.0 = Debug|Any CPU
		{B78388DC-07F4-4A8B-A0EE-A8DF2E29D648}.Release|Any CPU.ActiveCfg = Release|Any CPU
		{B78388DC-07F4-4A8B-A0EE-A8DF2E29D648}.Release|Any CPU.Build.0 = Release|Any CPU
	EndGlobalSection
	GlobalSection(SolutionProperties) = preSolution
		HideSolutionNode = FALSE
	EndGlobalSection
	GlobalSection(ExtensibilityGlobals) = postSolution
		SolutionGuid = {2C9A5768-4E6A-4B9D-AD7F-6508F614BE7E}
	EndGlobalSection
EndGlobal
